// !$*UTF8*$!
{
	archiveVersion = 1;
	classes = {
	};
	objectVersion = 55;
	objects = {

/* Begin PBXBuildFile section */
		3A120C2C27B7A02300582B05 /* Coordinator.swift in Sources */ = {isa = PBXBuildFile; fileRef = 3A120C2B27B7A02300582B05 /* Coordinator.swift */; };
		3A120C2E27B7A06800582B05 /* LoginView.swift in Sources */ = {isa = PBXBuildFile; fileRef = 3A120C2D27B7A06800582B05 /* LoginView.swift */; };
		3A120C3027B7A08900582B05 /* AppCoordinator.swift in Sources */ = {isa = PBXBuildFile; fileRef = 3A120C2F27B7A08900582B05 /* AppCoordinator.swift */; };
		3A120C3227B7A0DE00582B05 /* AuthCoordinator.swift in Sources */ = {isa = PBXBuildFile; fileRef = 3A120C3127B7A0DE00582B05 /* AuthCoordinator.swift */; };
		3A120C3427B7A18200582B05 /* HomeCoordinator.swift in Sources */ = {isa = PBXBuildFile; fileRef = 3A120C3327B7A18200582B05 /* HomeCoordinator.swift */; };
		3A120C3827B7A25000582B05 /* ViewCoordinator.swift in Sources */ = {isa = PBXBuildFile; fileRef = 3A120C3727B7A25000582B05 /* ViewCoordinator.swift */; };
		3A120C3A27B7A36900582B05 /* FeedView.swift in Sources */ = {isa = PBXBuildFile; fileRef = 3A120C3927B7A36900582B05 /* FeedView.swift */; };
		3A120C3C27B7A52B00582B05 /* CommentsView.swift in Sources */ = {isa = PBXBuildFile; fileRef = 3A120C3B27B7A52B00582B05 /* CommentsView.swift */; };
		3A120C3E27B7A7AB00582B05 /* ProfileView.swift in Sources */ = {isa = PBXBuildFile; fileRef = 3A120C3D27B7A7AB00582B05 /* ProfileView.swift */; };
		3A120C4027B7B07800582B05 /* CameraView.swift in Sources */ = {isa = PBXBuildFile; fileRef = 3A120C3F27B7B07800582B05 /* CameraView.swift */; };
		3A120C5227B7BD7000582B05 /* API.swift in Sources */ = {isa = PBXBuildFile; fileRef = 3A120C5127B7BD7000582B05 /* API.swift */; };
		3A2CE0B827B7F6C90086DBC4 /* Apollo in Frameworks */ = {isa = PBXBuildFile; productRef = 3A2CE0B727B7F6C90086DBC4 /* Apollo */; };
		3A2CE0BA27B7F6C90086DBC4 /* ApolloSQLite in Frameworks */ = {isa = PBXBuildFile; productRef = 3A2CE0B927B7F6C90086DBC4 /* ApolloSQLite */; };
		3A7E606A27B6EC5C000AC105 /* AppDelegate.swift in Sources */ = {isa = PBXBuildFile; fileRef = 3A7E606927B6EC5C000AC105 /* AppDelegate.swift */; };
		3A7E606C27B6EC5C000AC105 /* SceneDelegate.swift in Sources */ = {isa = PBXBuildFile; fileRef = 3A7E606B27B6EC5C000AC105 /* SceneDelegate.swift */; };
		3A7E607327B6EC5C000AC105 /* Assets.xcassets in Resources */ = {isa = PBXBuildFile; fileRef = 3A7E607227B6EC5C000AC105 /* Assets.xcassets */; };
		3A7E607627B6EC5C000AC105 /* LaunchScreen.storyboard in Resources */ = {isa = PBXBuildFile; fileRef = 3A7E607427B6EC5C000AC105 /* LaunchScreen.storyboard */; };
/* End PBXBuildFile section */

/* Begin PBXFileReference section */
		3A120C2B27B7A02300582B05 /* Coordinator.swift */ = {isa = PBXFileReference; lastKnownFileType = sourcecode.swift; path = Coordinator.swift; sourceTree = "<group>"; };
		3A120C2D27B7A06800582B05 /* LoginView.swift */ = {isa = PBXFileReference; lastKnownFileType = sourcecode.swift; path = LoginView.swift; sourceTree = "<group>"; };
		3A120C2F27B7A08900582B05 /* AppCoordinator.swift */ = {isa = PBXFileReference; lastKnownFileType = sourcecode.swift; path = AppCoordinator.swift; sourceTree = "<group>"; };
		3A120C3127B7A0DE00582B05 /* AuthCoordinator.swift */ = {isa = PBXFileReference; lastKnownFileType = sourcecode.swift; path = AuthCoordinator.swift; sourceTree = "<group>"; };
		3A120C3327B7A18200582B05 /* HomeCoordinator.swift */ = {isa = PBXFileReference; lastKnownFileType = sourcecode.swift; path = HomeCoordinator.swift; sourceTree = "<group>"; };
		3A120C3727B7A25000582B05 /* ViewCoordinator.swift */ = {isa = PBXFileReference; lastKnownFileType = sourcecode.swift; path = ViewCoordinator.swift; sourceTree = "<group>"; };
		3A120C3927B7A36900582B05 /* FeedView.swift */ = {isa = PBXFileReference; lastKnownFileType = sourcecode.swift; path = FeedView.swift; sourceTree = "<group>"; };
		3A120C3B27B7A52B00582B05 /* CommentsView.swift */ = {isa = PBXFileReference; lastKnownFileType = sourcecode.swift; path = CommentsView.swift; sourceTree = "<group>"; };
		3A120C3D27B7A7AB00582B05 /* ProfileView.swift */ = {isa = PBXFileReference; lastKnownFileType = sourcecode.swift; path = ProfileView.swift; sourceTree = "<group>"; };
		3A120C3F27B7B07800582B05 /* CameraView.swift */ = {isa = PBXFileReference; lastKnownFileType = sourcecode.swift; path = CameraView.swift; sourceTree = "<group>"; };
		3A120C5127B7BD7000582B05 /* API.swift */ = {isa = PBXFileReference; lastKnownFileType = sourcecode.swift; path = API.swift; sourceTree = "<group>"; };
		3A7E606627B6EC5C000AC105 /* Sample2.app */ = {isa = PBXFileReference; explicitFileType = wrapper.application; includeInIndex = 0; path = Sample2.app; sourceTree = BUILT_PRODUCTS_DIR; };
		3A7E606927B6EC5C000AC105 /* AppDelegate.swift */ = {isa = PBXFileReference; lastKnownFileType = sourcecode.swift; path = AppDelegate.swift; sourceTree = "<group>"; };
		3A7E606B27B6EC5C000AC105 /* SceneDelegate.swift */ = {isa = PBXFileReference; lastKnownFileType = sourcecode.swift; path = SceneDelegate.swift; sourceTree = "<group>"; };
		3A7E607227B6EC5C000AC105 /* Assets.xcassets */ = {isa = PBXFileReference; lastKnownFileType = folder.assetcatalog; path = Assets.xcassets; sourceTree = "<group>"; };
		3A7E607527B6EC5C000AC105 /* Base */ = {isa = PBXFileReference; lastKnownFileType = file.storyboard; name = Base; path = Base.lproj/LaunchScreen.storyboard; sourceTree = "<group>"; };
		3A7E607727B6EC5C000AC105 /* Info.plist */ = {isa = PBXFileReference; lastKnownFileType = text.plist.xml; path = Info.plist; sourceTree = "<group>"; };
/* End PBXFileReference section */

/* Begin PBXFrameworksBuildPhase section */
		3A7E606327B6EC5C000AC105 /* Frameworks */ = {
			isa = PBXFrameworksBuildPhase;
			buildActionMask = 2147483647;
			files = (
				3A2CE0B827B7F6C90086DBC4 /* Apollo in Frameworks */,
				3A2CE0BA27B7F6C90086DBC4 /* ApolloSQLite in Frameworks */,
			);
			runOnlyForDeploymentPostprocessing = 0;
		};
/* End PBXFrameworksBuildPhase section */

/* Begin PBXGroup section */
		3A120C2927B7A00700582B05 /* Views */ = {
			isa = PBXGroup;
			children = (
				3A120C2D27B7A06800582B05 /* LoginView.swift */,
				3A120C3927B7A36900582B05 /* FeedView.swift */,
				3A120C3B27B7A52B00582B05 /* CommentsView.swift */,
				3A120C3D27B7A7AB00582B05 /* ProfileView.swift */,
				3A120C3F27B7B07800582B05 /* CameraView.swift */,
			);
			path = Views;
			sourceTree = "<group>";
		};
		3A120C2A27B7A01900582B05 /* Coordinators */ = {
			isa = PBXGroup;
			children = (
				3A120C2B27B7A02300582B05 /* Coordinator.swift */,
				3A120C2F27B7A08900582B05 /* AppCoordinator.swift */,
				3A120C3127B7A0DE00582B05 /* AuthCoordinator.swift */,
				3A120C3327B7A18200582B05 /* HomeCoordinator.swift */,
				3A120C3727B7A25000582B05 /* ViewCoordinator.swift */,
			);
			path = Coordinators;
			sourceTree = "<group>";
		};
		3A7E605D27B6EC5C000AC105 = {
			isa = PBXGroup;
			children = (
				3A7E606827B6EC5C000AC105 /* Sample2 */,
				3A7E606727B6EC5C000AC105 /* Products */,
			);
			sourceTree = "<group>";
		};
		3A7E606727B6EC5C000AC105 /* Products */ = {
			isa = PBXGroup;
			children = (
				3A7E606627B6EC5C000AC105 /* Sample2.app */,
			);
			name = Products;
			sourceTree = "<group>";
		};
		3A7E606827B6EC5C000AC105 /* Sample2 */ = {
			isa = PBXGroup;
			children = (
				3A120C2A27B7A01900582B05 /* Coordinators */,
				3A120C2927B7A00700582B05 /* Views */,
				3A7E606927B6EC5C000AC105 /* AppDelegate.swift */,
				3A7E606B27B6EC5C000AC105 /* SceneDelegate.swift */,
				3A7E607227B6EC5C000AC105 /* Assets.xcassets */,
				3A7E607427B6EC5C000AC105 /* LaunchScreen.storyboard */,
				3A7E607727B6EC5C000AC105 /* Info.plist */,
				3A120C5127B7BD7000582B05 /* API.swift */,
			);
			path = Sample2;
			sourceTree = "<group>";
		};
/* End PBXGroup section */

/* Begin PBXNativeTarget section */
		3A7E606527B6EC5C000AC105 /* Sample2 */ = {
			isa = PBXNativeTarget;
			buildConfigurationList = 3A7E607A27B6EC5C000AC105 /* Build configuration list for PBXNativeTarget "Sample2" */;
			buildPhases = (
				3A7E606227B6EC5C000AC105 /* Sources */,
				3A7E606327B6EC5C000AC105 /* Frameworks */,
				3A7E606427B6EC5C000AC105 /* Resources */,
			);
			buildRules = (
			);
			dependencies = (
			);
			name = Sample2;
			packageProductDependencies = (
				3A2CE0B727B7F6C90086DBC4 /* Apollo */,
				3A2CE0B927B7F6C90086DBC4 /* ApolloSQLite */,
			);
			productName = Sample2;
			productReference = 3A7E606627B6EC5C000AC105 /* Sample2.app */;
			productType = "com.apple.product-type.application";
		};
/* End PBXNativeTarget section */

/* Begin PBXProject section */
		3A7E605E27B6EC5C000AC105 /* Project object */ = {
			isa = PBXProject;
			attributes = {
				BuildIndependentTargetsInParallel = 1;
				LastSwiftUpdateCheck = 1320;
				LastUpgradeCheck = 1320;
				TargetAttributes = {
					3A7E606527B6EC5C000AC105 = {
						CreatedOnToolsVersion = 13.2.1;
					};
				};
			};
			buildConfigurationList = 3A7E606127B6EC5C000AC105 /* Build configuration list for PBXProject "Sample2" */;
			compatibilityVersion = "Xcode 13.0";
			developmentRegion = en;
			hasScannedForEncodings = 0;
			knownRegions = (
				en,
				Base,
			);
			mainGroup = 3A7E605D27B6EC5C000AC105;
			packageReferences = (
				3A2CE0B627B7F6C90086DBC4 /* XCRemoteSwiftPackageReference "apollo-ios" */,
			);
			productRefGroup = 3A7E606727B6EC5C000AC105 /* Products */;
			projectDirPath = "";
			projectRoot = "";
			targets = (
				3A7E606527B6EC5C000AC105 /* Sample2 */,
			);
		};
/* End PBXProject section */

/* Begin PBXResourcesBuildPhase section */
		3A7E606427B6EC5C000AC105 /* Resources */ = {
			isa = PBXResourcesBuildPhase;
			buildActionMask = 2147483647;
			files = (
				3A7E607627B6EC5C000AC105 /* LaunchScreen.storyboard in Resources */,
				3A7E607327B6EC5C000AC105 /* Assets.xcassets in Resources */,
			);
			runOnlyForDeploymentPostprocessing = 0;
		};
/* End PBXResourcesBuildPhase section */

/* Begin PBXSourcesBuildPhase section */
		3A7E606227B6EC5C000AC105 /* Sources */ = {
			isa = PBXSourcesBuildPhase;
			buildActionMask = 2147483647;
			files = (
				3A7E606A27B6EC5C000AC105 /* AppDelegate.swift in Sources */,
				3A120C3A27B7A36900582B05 /* FeedView.swift in Sources */,
				3A120C3C27B7A52B00582B05 /* CommentsView.swift in Sources */,
				3A120C4027B7B07800582B05 /* CameraView.swift in Sources */,
				3A7E606C27B6EC5C000AC105 /* SceneDelegate.swift in Sources */,
				3A120C3027B7A08900582B05 /* AppCoordinator.swift in Sources */,
				3A120C2E27B7A06800582B05 /* LoginView.swift in Sources */,
				3A120C3227B7A0DE00582B05 /* AuthCoordinator.swift in Sources */,
				3A120C5227B7BD7000582B05 /* API.swift in Sources */,
				3A120C3427B7A18200582B05 /* HomeCoordinator.swift in Sources */,
				3A120C2C27B7A02300582B05 /* Coordinator.swift in Sources */,
				3A120C3E27B7A7AB00582B05 /* ProfileView.swift in Sources */,
				3A120C3827B7A25000582B05 /* ViewCoordinator.swift in Sources */,
			);
			runOnlyForDeploymentPostprocessing = 0;
		};
/* End PBXSourcesBuildPhase section */

/* Begin PBXVariantGroup section */
		3A7E607427B6EC5C000AC105 /* LaunchScreen.storyboard */ = {
			isa = PBXVariantGroup;
			children = (
				3A7E607527B6EC5C000AC105 /* Base */,
			);
			name = LaunchScreen.storyboard;
			sourceTree = "<group>";
		};
/* End PBXVariantGroup section */

/* Begin XCBuildConfiguration section */
		3A7E607827B6EC5C000AC105 /* Debug */ = {
			isa = XCBuildConfiguration;
			buildSettings = {
				ALWAYS_SEARCH_USER_PATHS = NO;
				CLANG_ANALYZER_NONNULL = YES;
				CLANG_ANALYZER_NUMBER_OBJECT_CONVERSION = YES_AGGRESSIVE;
				CLANG_CXX_LANGUAGE_STANDARD = "gnu++17";
				CLANG_CXX_LIBRARY = "libc++";
				CLANG_ENABLE_MODULES = YES;
				CLANG_ENABLE_OBJC_ARC = YES;
				CLANG_ENABLE_OBJC_WEAK = YES;
				CLANG_WARN_BLOCK_CAPTURE_AUTORELEASING = YES;
				CLANG_WARN_BOOL_CONVERSION = YES;
				CLANG_WARN_COMMA = YES;
				CLANG_WARN_CONSTANT_CONVERSION = YES;
				CLANG_WARN_DEPRECATED_OBJC_IMPLEMENTATIONS = YES;
				CLANG_WARN_DIRECT_OBJC_ISA_USAGE = YES_ERROR;
				CLANG_WARN_DOCUMENTATION_COMMENTS = YES;
				CLANG_WARN_EMPTY_BODY = YES;
				CLANG_WARN_ENUM_CONVERSION = YES;
				CLANG_WARN_INFINITE_RECURSION = YES;
				CLANG_WARN_INT_CONVERSION = YES;
				CLANG_WARN_NON_LITERAL_NULL_CONVERSION = YES;
				CLANG_WARN_OBJC_IMPLICIT_RETAIN_SELF = YES;
				CLANG_WARN_OBJC_LITERAL_CONVERSION = YES;
				CLANG_WARN_OBJC_ROOT_CLASS = YES_ERROR;
				CLANG_WARN_QUOTED_INCLUDE_IN_FRAMEWORK_HEADER = YES;
				CLANG_WARN_RANGE_LOOP_ANALYSIS = YES;
				CLANG_WARN_STRICT_PROTOTYPES = YES;
				CLANG_WARN_SUSPICIOUS_MOVE = YES;
				CLANG_WARN_UNGUARDED_AVAILABILITY = YES_AGGRESSIVE;
				CLANG_WARN_UNREACHABLE_CODE = YES;
				CLANG_WARN__DUPLICATE_METHOD_MATCH = YES;
				COPY_PHASE_STRIP = NO;
				DEBUG_INFORMATION_FORMAT = dwarf;
				ENABLE_STRICT_OBJC_MSGSEND = YES;
				ENABLE_TESTABILITY = YES;
				GCC_C_LANGUAGE_STANDARD = gnu11;
				GCC_DYNAMIC_NO_PIC = NO;
				GCC_NO_COMMON_BLOCKS = YES;
				GCC_OPTIMIZATION_LEVEL = 0;
				GCC_PREPROCESSOR_DEFINITIONS = (
					"DEBUG=1",
					"$(inherited)",
				);
				GCC_WARN_64_TO_32_BIT_CONVERSION = YES;
				GCC_WARN_ABOUT_RETURN_TYPE = YES_ERROR;
				GCC_WARN_UNDECLARED_SELECTOR = YES;
				GCC_WARN_UNINITIALIZED_AUTOS = YES_AGGRESSIVE;
				GCC_WARN_UNUSED_FUNCTION = YES;
				GCC_WARN_UNUSED_VARIABLE = YES;
				IPHONEOS_DEPLOYMENT_TARGET = 15.0;
				MTL_ENABLE_DEBUG_INFO = INCLUDE_SOURCE;
				MTL_FAST_MATH = YES;
				ONLY_ACTIVE_ARCH = YES;
				SDKROOT = iphoneos;
				SWIFT_ACTIVE_COMPILATION_CONDITIONS = DEBUG;
				SWIFT_OPTIMIZATION_LEVEL = "-Onone";
			};
			name = Debug;
		};
		3A7E607927B6EC5C000AC105 /* Release */ = {
			isa = XCBuildConfiguration;
			buildSettings = {
				ALWAYS_SEARCH_USER_PATHS = NO;
				CLANG_ANALYZER_NONNULL = YES;
				CLANG_ANALYZER_NUMBER_OBJECT_CONVERSION = YES_AGGRESSIVE;
				CLANG_CXX_LANGUAGE_STANDARD = "gnu++17";
				CLANG_CXX_LIBRARY = "libc++";
				CLANG_ENABLE_MODULES = YES;
				CLANG_ENABLE_OBJC_ARC = YES;
				CLANG_ENABLE_OBJC_WEAK = YES;
				CLANG_WARN_BLOCK_CAPTURE_AUTORELEASING = YES;
				CLANG_WARN_BOOL_CONVERSION = YES;
				CLANG_WARN_COMMA = YES;
				CLANG_WARN_CONSTANT_CONVERSION = YES;
				CLANG_WARN_DEPRECATED_OBJC_IMPLEMENTATIONS = YES;
				CLANG_WARN_DIRECT_OBJC_ISA_USAGE = YES_ERROR;
				CLANG_WARN_DOCUMENTATION_COMMENTS = YES;
				CLANG_WARN_EMPTY_BODY = YES;
				CLANG_WARN_ENUM_CONVERSION = YES;
				CLANG_WARN_INFINITE_RECURSION = YES;
				CLANG_WARN_INT_CONVERSION = YES;
				CLANG_WARN_NON_LITERAL_NULL_CONVERSION = YES;
				CLANG_WARN_OBJC_IMPLICIT_RETAIN_SELF = YES;
				CLANG_WARN_OBJC_LITERAL_CONVERSION = YES;
				CLANG_WARN_OBJC_ROOT_CLASS = YES_ERROR;
				CLANG_WARN_QUOTED_INCLUDE_IN_FRAMEWORK_HEADER = YES;
				CLANG_WARN_RANGE_LOOP_ANALYSIS = YES;
				CLANG_WARN_STRICT_PROTOTYPES = YES;
				CLANG_WARN_SUSPICIOUS_MOVE = YES;
				CLANG_WARN_UNGUARDED_AVAILABILITY = YES_AGGRESSIVE;
				CLANG_WARN_UNREACHABLE_CODE = YES;
				CLANG_WARN__DUPLICATE_METHOD_MATCH = YES;
				COPY_PHASE_STRIP = NO;
				DEBUG_INFORMATION_FORMAT = "dwarf-with-dsym";
				ENABLE_NS_ASSERTIONS = NO;
				ENABLE_STRICT_OBJC_MSGSEND = YES;
				GCC_C_LANGUAGE_STANDARD = gnu11;
				GCC_NO_COMMON_BLOCKS = YES;
				GCC_WARN_64_TO_32_BIT_CONVERSION = YES;
				GCC_WARN_ABOUT_RETURN_TYPE = YES_ERROR;
				GCC_WARN_UNDECLARED_SELECTOR = YES;
				GCC_WARN_UNINITIALIZED_AUTOS = YES_AGGRESSIVE;
				GCC_WARN_UNUSED_FUNCTION = YES;
				GCC_WARN_UNUSED_VARIABLE = YES;
				IPHONEOS_DEPLOYMENT_TARGET = 15.0;
				MTL_ENABLE_DEBUG_INFO = NO;
				MTL_FAST_MATH = YES;
				SDKROOT = iphoneos;
				SWIFT_COMPILATION_MODE = wholemodule;
				SWIFT_OPTIMIZATION_LEVEL = "-O";
				VALIDATE_PRODUCT = YES;
			};
			name = Release;
		};
		3A7E607B27B6EC5C000AC105 /* Debug */ = {
			isa = XCBuildConfiguration;
			buildSettings = {
				ASSETCATALOG_COMPILER_APPICON_NAME = AppIcon;
				ASSETCATALOG_COMPILER_GLOBAL_ACCENT_COLOR_NAME = AccentColor;
				CODE_SIGN_STYLE = Automatic;
				CURRENT_PROJECT_VERSION = 1;
				DEVELOPMENT_TEAM = 6Q9KUD4P54;
				GENERATE_INFOPLIST_FILE = YES;
				INFOPLIST_FILE = Sample2/Info.plist;
				INFOPLIST_KEY_UIApplicationSupportsIndirectInputEvents = YES;
				INFOPLIST_KEY_UILaunchStoryboardName = LaunchScreen;
				INFOPLIST_KEY_UISupportedInterfaceOrientations_iPad = "UIInterfaceOrientationPortrait UIInterfaceOrientationPortraitUpsideDown UIInterfaceOrientationLandscapeLeft UIInterfaceOrientationLandscapeRight";
				INFOPLIST_KEY_UISupportedInterfaceOrientations_iPhone = "UIInterfaceOrientationPortrait UIInterfaceOrientationLandscapeLeft UIInterfaceOrientationLandscapeRight";
				LD_RUNPATH_SEARCH_PATHS = (
					"$(inherited)",
					"@executable_path/Frameworks",
				);
				MARKETING_VERSION = 1.0;
				PRODUCT_BUNDLE_IDENTIFIER = ro.adrian.Sample2;
				PRODUCT_NAME = "$(TARGET_NAME)";
				SWIFT_EMIT_LOC_STRINGS = YES;
				SWIFT_VERSION = 5.0;
				TARGETED_DEVICE_FAMILY = 1;
			};
			name = Debug;
		};
		3A7E607C27B6EC5C000AC105 /* Release */ = {
			isa = XCBuildConfiguration;
			buildSettings = {
				ASSETCATALOG_COMPILER_APPICON_NAME = AppIcon;
				ASSETCATALOG_COMPILER_GLOBAL_ACCENT_COLOR_NAME = AccentColor;
				CODE_SIGN_STYLE = Automatic;
				CURRENT_PROJECT_VERSION = 1;
				DEVELOPMENT_TEAM = 6Q9KUD4P54;
				GENERATE_INFOPLIST_FILE = YES;
				INFOPLIST_FILE = Sample2/Info.plist;
				INFOPLIST_KEY_UIApplicationSupportsIndirectInputEvents = YES;
				INFOPLIST_KEY_UILaunchStoryboardName = LaunchScreen;
				INFOPLIST_KEY_UISupportedInterfaceOrientations_iPad = "UIInterfaceOrientationPortrait UIInterfaceOrientationPortraitUpsideDown UIInterfaceOrientationLandscapeLeft UIInterfaceOrientationLandscapeRight";
				INFOPLIST_KEY_UISupportedInterfaceOrientations_iPhone = "UIInterfaceOrientationPortrait UIInterfaceOrientationLandscapeLeft UIInterfaceOrientationLandscapeRight";
				LD_RUNPATH_SEARCH_PATHS = (
					"$(inherited)",
					"@executable_path/Frameworks",
				);
				MARKETING_VERSION = 1.0;
				PRODUCT_BUNDLE_IDENTIFIER = ro.adrian.Sample2;
				PRODUCT_NAME = "$(TARGET_NAME)";
				SWIFT_EMIT_LOC_STRINGS = YES;
				SWIFT_VERSION = 5.0;
				TARGETED_DEVICE_FAMILY = 1;
			};
			name = Release;
		};
/* End XCBuildConfiguration section */

/* Begin XCConfigurationList section */
		3A7E606127B6EC5C000AC105 /* Build configuration list for PBXProject "Sample2" */ = {
			isa = XCConfigurationList;
			buildConfigurations = (
				3A7E607827B6EC5C000AC105 /* Debug */,
				3A7E607927B6EC5C000AC105 /* Release */,
			);
			defaultConfigurationIsVisible = 0;
			defaultConfigurationName = Release;
		};
		3A7E607A27B6EC5C000AC105 /* Build configuration list for PBXNativeTarget "Sample2" */ = {
			isa = XCConfigurationList;
			buildConfigurations = (
				3A7E607B27B6EC5C000AC105 /* Debug */,
				3A7E607C27B6EC5C000AC105 /* Release */,
			);
			defaultConfigurationIsVisible = 0;
			defaultConfigurationName = Release;
		};
/* End XCConfigurationList section */

/* Begin XCRemoteSwiftPackageReference section */
		3A2CE0B627B7F6C90086DBC4 /* XCRemoteSwiftPackageReference "apollo-ios" */ = {
			isa = XCRemoteSwiftPackageReference;
			repositoryURL = "https://github.com/apollographql/apollo-ios";
			requirement = {
				branch = main;
				kind = branch;
			};
		};
/* End XCRemoteSwiftPackageReference section */

/* Begin XCSwiftPackageProductDependency section */
		3A2CE0B727B7F6C90086DBC4 /* Apollo */ = {
			isa = XCSwiftPackageProductDependency;
			package = 3A2CE0B627B7F6C90086DBC4 /* XCRemoteSwiftPackageReference "apollo-ios" */;
			productName = Apollo;
		};
		3A2CE0B927B7F6C90086DBC4 /* ApolloSQLite */ = {
			isa = XCSwiftPackageProductDependency;
			package = 3A2CE0B627B7F6C90086DBC4 /* XCRemoteSwiftPackageReference "apollo-ios" */;
			productName = ApolloSQLite;
		};
/* End XCSwiftPackageProductDependency section */
	};
	rootObject = 3A7E605E27B6EC5C000AC105 /* Project object */;
}
